{
	"name": "nodejs-verge",
	"version": "0.0.4",
	"lockfileVersion": 3,
	"requires": true,
	"packages": {
		"": {
			"name": "nodejs-verge",
			"version": "0.0.4",
			"dependencies": {
				"@types/node": "^20.14.11",
				"global": "^4.4.0",
				"typescript": "^5.5.3"
			},
			"devDependencies": {
				"codelyzer": "^6.0.2",
				"tslint": "^6.1.3"
			},
			"engines": {
				"node": ">=20.0.0"
			}
		},
		"node_modules/@angular/compiler": {
			"version": "9.0.0",
			"resolved": "https://registry.npmjs.org/@angular/compiler/-/compiler-9.0.0.tgz",
			"integrity": "sha512-ctjwuntPfZZT2mNj2NDIVu51t9cvbhl/16epc5xEwyzyDt76pX9UgwvY+MbXrf/C/FWwdtmNtfP698BKI+9leQ==",
			"dev": true,
			"peerDependencies": {
				"tslib": "^1.10.0"
			}
		},
		"node_modules/@angular/core": {
			"version": "9.0.0",
			"resolved": "https://registry.npmjs.org/@angular/core/-/core-9.0.0.tgz",
			"integrity": "sha512-6Pxgsrf0qF9iFFqmIcWmjJGkkCaCm6V5QNnxMy2KloO3SDq6QuMVRbN9RtC8Urmo25LP+eZ6ZgYqFYpdD8Hd9w==",
			"dev": true,
			"peerDependencies": {
				"rxjs": "^6.5.3",
				"tslib": "^1.10.0",
				"zone.js": "~0.10.2"
			}
		},
		"node_modules/@babel/code-frame": {
			"version": "7.24.7",
			"resolved": "https://registry.npmjs.org/@babel/code-frame/-/code-frame-7.24.7.tgz",
			"integrity": "sha512-BcYH1CVJBO9tvyIZ2jVeXgSIMvGZ2FDRvDdOIVQyuklNKSsx+eppDEBq/g47Ayw+RqNFE+URvOShmf+f/qwAlA==",
			"dev": true,
			"dependencies": {
				"@babel/highlight": "^7.24.7",
				"picocolors": "^1.0.0"
			},
			"engines": {
				"node": ">=6.9.0"
			}
		},
		"node_modules/@babel/helper-validator-identifier": {
			"version": "7.24.7",
			"resolved": "https://registry.npmjs.org/@babel/helper-validator-identifier/-/helper-validator-identifier-7.24.7.tgz",
			"integrity": "sha512-rR+PBcQ1SMQDDyF6X0wxtG8QyLCgUB0eRAGguqRLfkCA87l7yAP7ehq8SNj96OOGTO8OBV70KhuFYcIkHXOg0w==",
			"dev": true,
			"engines": {
				"node": ">=6.9.0"
			}
		},
		"node_modules/@babel/highlight": {
			"version": "7.24.7",
			"resolved": "https://registry.npmjs.org/@babel/highlight/-/highlight-7.24.7.tgz",
			"integrity": "sha512-EStJpq4OuY8xYfhGVXngigBJRWxftKX9ksiGDnmlY3o7B/V7KIAc9X4oiK87uPJSc/vs5L869bem5fhZa8caZw==",
			"dev": true,
			"dependencies": {
				"@babel/helper-validator-identifier": "^7.24.7",
				"chalk": "^2.4.2",
				"js-tokens": "^4.0.0",
				"picocolors": "^1.0.0"
			},
			"engines": {
				"node": ">=6.9.0"
			}
		},
		"node_modules/@types/node": {
			"version": "20.14.11",
			"resolved": "https://registry.npmjs.org/@types/node/-/node-20.14.11.tgz",
			"integrity": "sha512-kprQpL8MMeszbz6ojB5/tU8PLN4kesnN8Gjzw349rDlNgsSzg90lAVj3llK99Dh7JON+t9AuscPPFW6mPbTnSA==",
			"dependencies": {
				"undici-types": "~5.26.4"
			}
		},
		"node_modules/ansi-styles": {
			"version": "3.2.1",
			"resolved": "https://registry.npmjs.org/ansi-styles/-/ansi-styles-3.2.1.tgz",
			"integrity": "sha512-VT0ZI6kZRdTh8YyJw3SMbYm/u+NqfsAxEpWO0Pf9sq8/e94WxxOpPKx9FR1FlyCtOVDNOQ+8ntlqFxiRc+r5qA==",
			"dev": true,
			"dependencies": {
				"color-convert": "^1.9.0"
			},
			"engines": {
				"node": ">=4"
			}
		},
		"node_modules/app-root-path": {
			"version": "3.1.0",
			"resolved": "https://registry.npmjs.org/app-root-path/-/app-root-path-3.1.0.tgz",
			"integrity": "sha512-biN3PwB2gUtjaYy/isrU3aNWI5w+fAfvHkSvCKeQGxhmYpwKFUxudR3Yya+KqVRHBmEDYh+/lTozYCFbmzX4nA==",
			"dev": true,
			"engines": {
				"node": ">= 6.0.0"
			}
		},
		"node_modules/argparse": {
			"version": "1.0.10",
			"resolved": "https://registry.npmjs.org/argparse/-/argparse-1.0.10.tgz",
			"integrity": "sha512-o5Roy6tNG4SL/FOkCAN6RzjiakZS25RLYFrcMttJqbdd8BWrnA+fGz57iN5Pb06pvBGvl5gQ0B48dJlslXvoTg==",
			"dev": true,
			"dependencies": {
				"sprintf-js": "~1.0.2"
			}
		},
		"node_modules/argparse/node_modules/sprintf-js": {
			"version": "1.0.3",
			"resolved": "https://registry.npmjs.org/sprintf-js/-/sprintf-js-1.0.3.tgz",
			"integrity": "sha512-D9cPgkvLlV3t3IzL0D0YLvGA9Ahk4PcvVwUbN0dSGr1aP0Nrt4AEnTUbuGvquEC0mA64Gqt1fzirlRs5ibXx8g==",
			"dev": true
		},
		"node_modules/aria-query": {
			"version": "3.0.0",
			"resolved": "https://registry.npmjs.org/aria-query/-/aria-query-3.0.0.tgz",
			"integrity": "sha512-majUxHgLehQTeSA+hClx+DY09OVUqG3GtezWkF1krgLGNdlDu9l9V8DaqNMWbq4Eddc8wsyDA0hpDUtnYxQEXw==",
			"dev": true,
			"dependencies": {
				"ast-types-flow": "0.0.7",
				"commander": "^2.11.0"
			}
		},
		"node_modules/ast-types-flow": {
			"version": "0.0.7",
			"resolved": "https://registry.npmjs.org/ast-types-flow/-/ast-types-flow-0.0.7.tgz",
			"integrity": "sha512-eBvWn1lvIApYMhzQMsu9ciLfkBY499mFZlNqG+/9WR7PVlroQw0vG30cOQQbaKz3sCEc44TAOu2ykzqXSNnwag==",
			"dev": true
		},
		"node_modules/axobject-query": {
			"version": "2.0.2",
			"resolved": "https://registry.npmjs.org/axobject-query/-/axobject-query-2.0.2.tgz",
			"integrity": "sha512-MCeek8ZH7hKyO1rWUbKNQBbl4l2eY0ntk7OGi+q0RlafrCnfPxC06WZA+uebCfmYp4mNU9jRBP1AhGyf8+W3ww==",
			"dev": true,
			"dependencies": {
				"ast-types-flow": "0.0.7"
			}
		},
		"node_modules/balanced-match": {
			"version": "1.0.2",
			"resolved": "https://registry.npmjs.org/balanced-match/-/balanced-match-1.0.2.tgz",
			"integrity": "sha512-3oSeUO0TMV67hN1AmbXsK4yaqU7tjiHlbxRDZOpH0KW9+CeX4bRAaX0Anxt0tx2MrpRpWwQaPwIlISEJhYU5Pw==",
			"dev": true
		},
		"node_modules/brace-expansion": {
			"version": "1.1.11",
			"resolved": "https://registry.npmjs.org/brace-expansion/-/brace-expansion-1.1.11.tgz",
			"integrity": "sha512-iCuPHDFgrHX7H2vEI/5xpz07zSHB00TpugqhmYtVmMO6518mCuRMoOYFldEBl0g187ufozdaHgWKcYFb61qGiA==",
			"dev": true,
			"dependencies": {
				"balanced-match": "^1.0.0",
				"concat-map": "0.0.1"
			}
		},
		"node_modules/builtin-modules": {
			"version": "1.1.1",
			"resolved": "https://registry.npmjs.org/builtin-modules/-/builtin-modules-1.1.1.tgz",
			"integrity": "sha512-wxXCdllwGhI2kCC0MnvTGYTMvnVZTvqgypkiTI8Pa5tcz2i6VqsqwYGgqwXji+4RgCzms6EajE4IxiUH6HH8nQ==",
			"dev": true,
			"engines": {
				"node": ">=0.10.0"
			}
		},
		"node_modules/chalk": {
			"version": "2.4.2",
			"resolved": "https://registry.npmjs.org/chalk/-/chalk-2.4.2.tgz",
			"integrity": "sha512-Mti+f9lpJNcwF4tWV8/OrTTtF1gZi+f8FqlyAdouralcFWFQWF2+NgCHShjkCb+IFBLq9buZwE1xckQU4peSuQ==",
			"dev": true,
			"dependencies": {
				"ansi-styles": "^3.2.1",
				"escape-string-regexp": "^1.0.5",
				"supports-color": "^5.3.0"
			},
			"engines": {
				"node": ">=4"
			}
		},
		"node_modules/codelyzer": {
			"version": "6.0.2",
			"resolved": "https://registry.npmjs.org/codelyzer/-/codelyzer-6.0.2.tgz",
			"integrity": "sha512-v3+E0Ucu2xWJMOJ2fA/q9pDT/hlxHftHGPUay1/1cTgyPV5JTHFdO9hqo837Sx2s9vKBMTt5gO+lhF95PO6J+g==",
			"dev": true,
			"dependencies": {
				"@angular/compiler": "9.0.0",
				"@angular/core": "9.0.0",
				"app-root-path": "^3.0.0",
				"aria-query": "^3.0.0",
				"axobject-query": "2.0.2",
				"css-selector-tokenizer": "^0.7.1",
				"cssauron": "^1.4.0",
				"damerau-levenshtein": "^1.0.4",
				"rxjs": "^6.5.3",
				"semver-dsl": "^1.0.1",
				"source-map": "^0.5.7",
				"sprintf-js": "^1.1.2",
				"tslib": "^1.10.0",
				"zone.js": "~0.10.3"
			},
			"peerDependencies": {
				"@angular/compiler": ">=2.3.1 <13.0.0 || ^12.0.0-next || ^12.1.0-next || ^12.2.0-next",
				"@angular/core": ">=2.3.1 <13.0.0 || ^12.0.0-next || ^12.1.0-next || ^12.2.0-next",
				"tslint": "^5.0.0 || ^6.0.0"
			}
		},
		"node_modules/color-convert": {
			"version": "1.9.3",
			"resolved": "https://registry.npmjs.org/color-convert/-/color-convert-1.9.3.tgz",
			"integrity": "sha512-QfAUtd+vFdAtFQcC8CCyYt1fYWxSqAiK2cSD6zDB8N3cpsEBAvRxp9zOGg6G/SHHJYAT88/az/IuDGALsNVbGg==",
			"dev": true,
			"dependencies": {
				"color-name": "1.1.3"
			}
		},
		"node_modules/color-name": {
			"version": "1.1.3",
			"resolved": "https://registry.npmjs.org/color-name/-/color-name-1.1.3.tgz",
			"integrity": "sha512-72fSenhMw2HZMTVHeCA9KCmpEIbzWiQsjN+BHcBbS9vr1mtt+vJjPdksIBNUmKAW8TFUDPJK5SUU3QhE9NEXDw==",
			"dev": true
		},
		"node_modules/commander": {
			"version": "2.20.3",
			"resolved": "https://registry.npmjs.org/commander/-/commander-2.20.3.tgz",
			"integrity": "sha512-GpVkmM8vF2vQUkj2LvZmD35JxeJOLCwJ9cUkugyk2nuhbv3+mJvpLYYt+0+USMxE+oj+ey/lJEnhZw75x/OMcQ==",
			"dev": true
		},
		"node_modules/concat-map": {
			"version": "0.0.1",
			"resolved": "https://registry.npmjs.org/concat-map/-/concat-map-0.0.1.tgz",
			"integrity": "sha512-/Srv4dswyQNBfohGpz9o6Yb3Gz3SrUDqBH5rTuhGR7ahtlbYKnVxw2bCFMRljaA7EXHaXZ8wsHdodFvbkhKmqg==",
			"dev": true
		},
		"node_modules/css-selector-tokenizer": {
			"version": "0.7.3",
			"resolved": "https://registry.npmjs.org/css-selector-tokenizer/-/css-selector-tokenizer-0.7.3.tgz",
			"integrity": "sha512-jWQv3oCEL5kMErj4wRnK/OPoBi0D+P1FR2cDCKYPaMeD2eW3/mttav8HT4hT1CKopiJI/psEULjkClhvJo4Lvg==",
			"dev": true,
			"dependencies": {
				"cssesc": "^3.0.0",
				"fastparse": "^1.1.2"
			}
		},
		"node_modules/cssauron": {
			"version": "1.4.0",
			"resolved": "https://registry.npmjs.org/cssauron/-/cssauron-1.4.0.tgz",
			"integrity": "sha512-Ht70DcFBh+/ekjVrYS2PlDMdSQEl3OFNmjK6lcn49HptBgilXf/Zwg4uFh9Xn0pX3Q8YOkSjIFOfK2osvdqpBw==",
			"dev": true,
			"dependencies": {
				"through": "X.X.X"
			}
		},
		"node_modules/cssesc": {
			"version": "3.0.0",
			"resolved": "https://registry.npmjs.org/cssesc/-/cssesc-3.0.0.tgz",
			"integrity": "sha512-/Tb/JcjK111nNScGob5MNtsntNM1aCNUDipB/TkwZFhyDrrE47SOx/18wF2bbjgc3ZzCSKW1T5nt5EbFoAz/Vg==",
			"dev": true,
			"bin": {
				"cssesc": "bin/cssesc"
			},
			"engines": {
				"node": ">=4"
			}
		},
		"node_modules/damerau-levenshtein": {
			"version": "1.0.8",
			"resolved": "https://registry.npmjs.org/damerau-levenshtein/-/damerau-levenshtein-1.0.8.tgz",
			"integrity": "sha512-sdQSFB7+llfUcQHUQO3+B8ERRj0Oa4w9POWMI/puGtuf7gFywGmkaLCElnudfTiKZV+NvHqL0ifzdrI8Ro7ESA==",
			"dev": true
		},
		"node_modules/diff": {
			"version": "4.0.2",
			"resolved": "https://registry.npmjs.org/diff/-/diff-4.0.2.tgz",
			"integrity": "sha512-58lmxKSA4BNyLz+HHMUzlOEpg09FV+ev6ZMe3vJihgdxzgcwZ8VoEEPmALCZG9LmqfVoNMMKpttIYTVG6uDY7A==",
			"dev": true,
			"engines": {
				"node": ">=0.3.1"
			}
		},
		"node_modules/dom-walk": {
			"version": "0.1.2",
			"resolved": "https://registry.npmjs.org/dom-walk/-/dom-walk-0.1.2.tgz",
			"integrity": "sha512-6QvTW9mrGeIegrFXdtQi9pk7O/nSK6lSdXW2eqUspN5LWD7UTji2Fqw5V2YLjBpHEoU9Xl/eUWNpDeZvoyOv2w=="
		},
		"node_modules/escape-string-regexp": {
			"version": "1.0.5",
			"resolved": "https://registry.npmjs.org/escape-string-regexp/-/escape-string-regexp-1.0.5.tgz",
			"integrity": "sha512-vbRorB5FUQWvla16U8R/qgaFIya2qGzwDrNmCZuYKrbdSUMG6I1ZCGQRefkRVhuOkIGVne7BQ35DSfo1qvJqFg==",
			"dev": true,
			"engines": {
				"node": ">=0.8.0"
			}
		},
		"node_modules/esprima": {
			"version": "4.0.1",
			"resolved": "https://registry.npmjs.org/esprima/-/esprima-4.0.1.tgz",
			"integrity": "sha512-eGuFFw7Upda+g4p+QHvnW0RyTX/SVeJBDM/gCtMARO0cLuT2HcEKnTPvhjV6aGeqrCB/sbNop0Kszm0jsaWU4A==",
			"dev": true,
			"bin": {
				"esparse": "bin/esparse.js",
				"esvalidate": "bin/esvalidate.js"
			},
			"engines": {
				"node": ">=4"
			}
		},
		"node_modules/fastparse": {
			"version": "1.1.2",
			"resolved": "https://registry.npmjs.org/fastparse/-/fastparse-1.1.2.tgz",
			"integrity": "sha512-483XLLxTVIwWK3QTrMGRqUfUpoOs/0hbQrl2oz4J0pAcm3A3bu84wxTFqGqkJzewCLdME38xJLJAxBABfQT8sQ==",
			"dev": true
		},
		"node_modules/fs.realpath": {
			"version": "1.0.0",
			"resolved": "https://registry.npmjs.org/fs.realpath/-/fs.realpath-1.0.0.tgz",
			"integrity": "sha512-OO0pH2lK6a0hZnAdau5ItzHPI6pUlvI7jMVnxUQRtw4owF2wk8lOSabtGDCTP4Ggrg2MbGnWO9X8K1t4+fGMDw==",
			"dev": true
		},
		"node_modules/function-bind": {
			"version": "1.1.2",
			"resolved": "https://registry.npmjs.org/function-bind/-/function-bind-1.1.2.tgz",
			"integrity": "sha512-7XHNxH7qX9xG5mIwxkhumTox/MIRNcOgDrxWsMt2pAr23WHp6MrRlN7FBSFpCpr+oVO0F744iUgR82nJMfG2SA==",
			"dev": true,
			"funding": {
				"url": "https://github.com/sponsors/ljharb"
			}
		},
		"node_modules/glob": {
			"version": "7.2.3",
			"resolved": "https://registry.npmjs.org/glob/-/glob-7.2.3.tgz",
			"integrity": "sha512-nFR0zLpU2YCaRxwoCJvL6UvCH2JFyFVIvwTLsIf21AuHlMskA1hhTdk+LlYJtOlYt9v6dvszD2BGRqBL+iQK9Q==",
			"deprecated": "Glob versions prior to v9 are no longer supported",
			"dev": true,
			"dependencies": {
				"fs.realpath": "^1.0.0",
				"inflight": "^1.0.4",
				"inherits": "2",
				"minimatch": "^3.1.1",
				"once": "^1.3.0",
				"path-is-absolute": "^1.0.0"
			},
			"engines": {
				"node": "*"
			},
			"funding": {
				"url": "https://github.com/sponsors/isaacs"
			}
		},
		"node_modules/global": {
			"version": "4.4.0",
			"resolved": "https://registry.npmjs.org/global/-/global-4.4.0.tgz",
			"integrity": "sha512-wv/LAoHdRE3BeTGz53FAamhGlPLhlssK45usmGFThIi4XqnBmjKQ16u+RNbP7WvigRZDxUsM0J3gcQ5yicaL0w==",
			"dependencies": {
				"min-document": "^2.19.0",
				"process": "^0.11.10"
			}
		},
		"node_modules/has-flag": {
			"version": "3.0.0",
			"resolved": "https://registry.npmjs.org/has-flag/-/has-flag-3.0.0.tgz",
			"integrity": "sha512-sKJf1+ceQBr4SMkvQnBDNDtf4TXpVhVGateu0t918bl30FnbE2m4vNLX+VWe/dpjlb+HugGYzW7uQXH98HPEYw==",
			"dev": true,
			"engines": {
				"node": ">=4"
			}
		},
		"node_modules/hasown": {
			"version": "2.0.2",
			"resolved": "https://registry.npmjs.org/hasown/-/hasown-2.0.2.tgz",
			"integrity": "sha512-0hJU9SCPvmMzIBdZFqNPXWa6dqh7WdH0cII9y+CyS8rG3nL48Bclra9HmKhVVUHyPWNH5Y7xDwAB7bfgSjkUMQ==",
			"dev": true,
			"dependencies": {
				"function-bind": "^1.1.2"
			},
			"engines": {
				"node": ">= 0.4"
			}
		},
		"node_modules/inflight": {
			"version": "1.0.6",
			"resolved": "https://registry.npmjs.org/inflight/-/inflight-1.0.6.tgz",
			"integrity": "sha512-k92I/b08q4wvFscXCLvqfsHCrjrF7yiXsQuIVvVE7N82W3+aqpzuUdBbfhWcy/FZR3/4IgflMgKLOsvPDrGCJA==",
			"deprecated": "This module is not supported, and leaks memory. Do not use it. Check out lru-cache if you want a good and tested way to coalesce async requests by a key value, which is much more comprehensive and powerful.",
			"dev": true,
			"dependencies": {
				"once": "^1.3.0",
				"wrappy": "1"
			}
		},
		"node_modules/inherits": {
			"version": "2.0.4",
			"resolved": "https://registry.npmjs.org/inherits/-/inherits-2.0.4.tgz",
			"integrity": "sha512-k/vGaX4/Yla3WzyMCvTQOXYeIHvqOKtnqBduzTHpzpQZzAskKMhZ2K+EnBiSM9zGSoIFeMpXKxa4dYeZIQqewQ==",
			"dev": true
		},
		"node_modules/is-core-module": {
			"version": "2.15.0",
			"resolved": "https://registry.npmjs.org/is-core-module/-/is-core-module-2.15.0.tgz",
			"integrity": "sha512-Dd+Lb2/zvk9SKy1TGCt1wFJFo/MWBPMX5x7KcvLajWTGuomczdQX61PvY5yK6SVACwpoexWo81IfFyoKY2QnTA==",
			"dev": true,
			"dependencies": {
				"hasown": "^2.0.2"
			},
			"engines": {
				"node": ">= 0.4"
			},
			"funding": {
				"url": "https://github.com/sponsors/ljharb"
			}
		},
		"node_modules/js-tokens": {
			"version": "4.0.0",
			"resolved": "https://registry.npmjs.org/js-tokens/-/js-tokens-4.0.0.tgz",
			"integrity": "sha512-RdJUflcE3cUzKiMqQgsCu06FPu9UdIJO0beYbPhHN4k6apgJtifcoCtT9bcxOpYBtpD2kCM6Sbzg4CausW/PKQ==",
			"dev": true
		},
		"node_modules/js-yaml": {
			"version": "3.14.1",
			"resolved": "https://registry.npmjs.org/js-yaml/-/js-yaml-3.14.1.tgz",
			"integrity": "sha512-okMH7OXXJ7YrN9Ok3/SXrnu4iX9yOk+25nqX4imS2npuvTYDmo/QEZoqwZkYaIDk3jVvBOTOIEgEhaLOynBS9g==",
			"dev": true,
			"dependencies": {
				"argparse": "^1.0.7",
				"esprima": "^4.0.0"
			},
			"bin": {
				"js-yaml": "bin/js-yaml.js"
			}
		},
		"node_modules/min-document": {
			"version": "2.19.0",
			"resolved": "https://registry.npmjs.org/min-document/-/min-document-2.19.0.tgz",
			"integrity": "sha512-9Wy1B3m3f66bPPmU5hdA4DR4PB2OfDU/+GS3yAB7IQozE3tqXaVv2zOjgla7MEGSRv95+ILmOuvhLkOK6wJtCQ==",
			"dependencies": {
				"dom-walk": "^0.1.0"
			}
		},
		"node_modules/minimatch": {
			"version": "3.1.2",
			"resolved": "https://registry.npmjs.org/minimatch/-/minimatch-3.1.2.tgz",
			"integrity": "sha512-J7p63hRiAjw1NDEww1W7i37+ByIrOWO5XQQAzZ3VOcL0PNybwpfmV/N05zFAzwQ9USyEcX6t3UO+K5aqBQOIHw==",
			"dev": true,
			"dependencies": {
				"brace-expansion": "^1.1.7"
			},
			"engines": {
				"node": "*"
			}
		},
		"node_modules/minimist": {
			"version": "1.2.8",
			"resolved": "https://registry.npmjs.org/minimist/-/minimist-1.2.8.tgz",
			"integrity": "sha512-2yyAR8qBkN3YuheJanUpWC5U3bb5osDywNB8RzDVlDwDHbocAJveqqj1u8+SVD7jkWT4yvsHCpWqqWqAxb0zCA==",
			"dev": true,
			"funding": {
				"url": "https://github.com/sponsors/ljharb"
			}
		},
		"node_modules/mkdirp": {
			"version": "0.5.6",
			"resolved": "https://registry.npmjs.org/mkdirp/-/mkdirp-0.5.6.tgz",
			"integrity": "sha512-FP+p8RB8OWpF3YZBCrP5gtADmtXApB5AMLn+vdyA+PyxCjrCs00mjyUozssO33cwDeT3wNGdLxJ5M//YqtHAJw==",
			"dev": true,
			"dependencies": {
				"minimist": "^1.2.6"
			},
			"bin": {
				"mkdirp": "bin/cmd.js"
			}
		},
		"node_modules/once": {
			"version": "1.4.0",
			"resolved": "https://registry.npmjs.org/once/-/once-1.4.0.tgz",
			"integrity": "sha512-lNaJgI+2Q5URQBkccEKHTQOPaXdUxnZZElQTZY0MFUAuaEqe1E+Nyvgdz/aIyNi6Z9MzO5dv1H8n58/GELp3+w==",
			"dev": true,
			"dependencies": {
				"wrappy": "1"
			}
		},
		"node_modules/path-is-absolute": {
			"version": "1.0.1",
			"resolved": "https://registry.npmjs.org/path-is-absolute/-/path-is-absolute-1.0.1.tgz",
			"integrity": "sha512-AVbw3UJ2e9bq64vSaS9Am0fje1Pa8pbGqTTsmXfaIiMpnr5DlDhfJOuLj9Sf95ZPVDAUerDfEk88MPmPe7UCQg==",
			"dev": true,
			"engines": {
				"node": ">=0.10.0"
			}
		},
		"node_modules/path-parse": {
			"version": "1.0.7",
			"resolved": "https://registry.npmjs.org/path-parse/-/path-parse-1.0.7.tgz",
			"integrity": "sha512-LDJzPVEEEPR+y48z93A0Ed0yXb8pAByGWo/k5YYdYgpY2/2EsOsksJrq7lOHxryrVOn1ejG6oAp8ahvOIQD8sw==",
			"dev": true
		},
		"node_modules/picocolors": {
			"version": "1.0.1",
			"resolved": "https://registry.npmjs.org/picocolors/-/picocolors-1.0.1.tgz",
			"integrity": "sha512-anP1Z8qwhkbmu7MFP5iTt+wQKXgwzf7zTyGlcdzabySa9vd0Xt392U0rVmz9poOaBj0uHJKyyo9/upk0HrEQew==",
			"dev": true
		},
		"node_modules/process": {
			"version": "0.11.10",
			"resolved": "https://registry.npmjs.org/process/-/process-0.11.10.tgz",
			"integrity": "sha512-cdGef/drWFoydD1JsMzuFf8100nZl+GT+yacc2bEced5f9Rjk4z+WtFUTBu9PhOi9j/jfmBPu0mMEY4wIdAF8A==",
			"engines": {
				"node": ">= 0.6.0"
			}
		},
		"node_modules/resolve": {
			"version": "1.22.8",
			"resolved": "https://registry.npmjs.org/resolve/-/resolve-1.22.8.tgz",
			"integrity": "sha512-oKWePCxqpd6FlLvGV1VU0x7bkPmmCNolxzjMf4NczoDnQcIWrAF+cPtZn5i6n+RfD2d9i0tzpKnG6Yk168yIyw==",
			"dev": true,
			"dependencies": {
				"is-core-module": "^2.13.0",
				"path-parse": "^1.0.7",
				"supports-preserve-symlinks-flag": "^1.0.0"
			},
			"bin": {
				"resolve": "bin/resolve"
			},
			"funding": {
				"url": "https://github.com/sponsors/ljharb"
			}
		},
		"node_modules/rxjs": {
			"version": "6.6.7",
			"resolved": "https://registry.npmjs.org/rxjs/-/rxjs-6.6.7.tgz",
			"integrity": "sha512-hTdwr+7yYNIT5n4AMYp85KA6yw2Va0FLa3Rguvbpa4W3I5xynaBZo41cM3XM+4Q6fRMj3sBYIR1VAmZMXYJvRQ==",
			"dev": true,
			"dependencies": {
				"tslib": "^1.9.0"
			},
			"engines": {
				"npm": ">=2.0.0"
			}
		},
		"node_modules/semver": {
			"version": "5.7.2",
			"resolved": "https://registry.npmjs.org/semver/-/semver-5.7.2.tgz",
			"integrity": "sha512-cBznnQ9KjJqU67B52RMC65CMarK2600WFnbkcaiwWq3xy/5haFJlshgnpjovMVJ+Hff49d8GEn0b87C5pDQ10g==",
			"dev": true,
			"bin": {
				"semver": "bin/semver"
			}
		},
		"node_modules/semver-dsl": {
			"version": "1.0.1",
			"resolved": "https://registry.npmjs.org/semver-dsl/-/semver-dsl-1.0.1.tgz",
			"integrity": "sha512-e8BOaTo007E3dMuQQTnPdalbKTABKNS7UxoBIDnwOqRa+QwMrCPjynB8zAlPF6xlqUfdLPPLIJ13hJNmhtq8Ng==",
			"dev": true,
			"dependencies": {
				"semver": "^5.3.0"
			}
		},
		"node_modules/source-map": {
			"version": "0.5.7",
			"resolved": "https://registry.npmjs.org/source-map/-/source-map-0.5.7.tgz",
			"integrity": "sha512-LbrmJOMUSdEVxIKvdcJzQC+nQhe8FUZQTXQy6+I75skNgn3OoQ0DZA8YnFa7gp8tqtL3KPf1kmo0R5DoApeSGQ==",
			"dev": true,
			"engines": {
				"node": ">=0.10.0"
			}
		},
		"node_modules/sprintf-js": {
			"version": "1.1.3",
			"resolved": "https://registry.npmjs.org/sprintf-js/-/sprintf-js-1.1.3.tgz",
			"integrity": "sha512-Oo+0REFV59/rz3gfJNKQiBlwfHaSESl1pcGyABQsnnIfWOFt6JNj5gCog2U6MLZ//IGYD+nA8nI+mTShREReaA==",
			"dev": true
		},
		"node_modules/supports-color": {
			"version": "5.5.0",
			"resolved": "https://registry.npmjs.org/supports-color/-/supports-color-5.5.0.tgz",
			"integrity": "sha512-QjVjwdXIt408MIiAqCX4oUKsgU2EqAGzs2Ppkm4aQYbjm+ZEWEcW4SfFNTr4uMNZma0ey4f5lgLrkB0aX0QMow==",
			"dev": true,
			"dependencies": {
				"has-flag": "^3.0.0"
			},
			"engines": {
				"node": ">=4"
			}
		},
		"node_modules/supports-preserve-symlinks-flag": {
			"version": "1.0.0",
			"resolved": "https://registry.npmjs.org/supports-preserve-symlinks-flag/-/supports-preserve-symlinks-flag-1.0.0.tgz",
			"integrity": "sha512-ot0WnXS9fgdkgIcePe6RHNk1WA8+muPa6cSjeR3V8K27q9BB1rTE3R1p7Hv0z1ZyAc8s6Vvv8DIyWf681MAt0w==",
			"dev": true,
			"engines": {
				"node": ">= 0.4"
			},
			"funding": {
				"url": "https://github.com/sponsors/ljharb"
			}
		},
		"node_modules/through": {
			"version": "2.3.8",
			"resolved": "https://registry.npmjs.org/through/-/through-2.3.8.tgz",
			"integrity": "sha512-w89qg7PI8wAdvX60bMDP+bFoD5Dvhm9oLheFp5O4a2QF0cSBGsBX4qZmadPMvVqlLJBBci+WqGGOAPvcDeNSVg==",
			"dev": true
		},
		"node_modules/tslib": {
			"version": "1.14.1",
			"resolved": "https://registry.npmjs.org/tslib/-/tslib-1.14.1.tgz",
			"integrity": "sha512-Xni35NKzjgMrwevysHTCArtLDpPvye8zV/0E4EyYn43P7/7qvQwPh9BGkHewbMulVntbigmcT7rdX3BNo9wRJg==",
			"dev": true
		},
		"node_modules/tslint": {
			"version": "6.1.3",
			"resolved": "https://registry.npmjs.org/tslint/-/tslint-6.1.3.tgz",
			"integrity": "sha512-IbR4nkT96EQOvKE2PW/djGz8iGNeJ4rF2mBfiYaR/nvUWYKJhLwimoJKgjIFEIDibBtOevj7BqCRL4oHeWWUCg==",
			"deprecated": "TSLint has been deprecated in favor of ESLint. Please see https://github.com/palantir/tslint/issues/4534 for more information.",
			"dev": true,
			"dependencies": {
				"@babel/code-frame": "^7.0.0",
				"builtin-modules": "^1.1.1",
				"chalk": "^2.3.0",
				"commander": "^2.12.1",
				"diff": "^4.0.1",
				"glob": "^7.1.1",
				"js-yaml": "^3.13.1",
				"minimatch": "^3.0.4",
				"mkdirp": "^0.5.3",
				"resolve": "^1.3.2",
				"semver": "^5.3.0",
				"tslib": "^1.13.0",
				"tsutils": "^2.29.0"
			},
			"bin": {
				"tslint": "bin/tslint"
			},
			"engines": {
				"node": ">=4.8.0"
			},
			"peerDependencies": {
				"typescript": ">=2.3.0-dev || >=2.4.0-dev || >=2.5.0-dev || >=2.6.0-dev || >=2.7.0-dev || >=2.8.0-dev || >=2.9.0-dev || >=3.0.0-dev || >= 3.1.0-dev || >= 3.2.0-dev || >= 4.0.0-dev"
			}
		},
		"node_modules/tsutils": {
			"version": "2.29.0",
			"resolved": "https://registry.npmjs.org/tsutils/-/tsutils-2.29.0.tgz",
			"integrity": "sha512-g5JVHCIJwzfISaXpXE1qvNalca5Jwob6FjI4AoPlqMusJ6ftFE7IkkFoMhVLRgK+4Kx3gkzb8UZK5t5yTTvEmA==",
			"dev": true,
			"dependencies": {
				"tslib": "^1.8.1"
			},
			"peerDependencies": {
				"typescript": ">=2.1.0 || >=2.1.0-dev || >=2.2.0-dev || >=2.3.0-dev || >=2.4.0-dev || >=2.5.0-dev || >=2.6.0-dev || >=2.7.0-dev || >=2.8.0-dev || >=2.9.0-dev || >= 3.0.0-dev || >= 3.1.0-dev"
			}
		},
		"node_modules/typescript": {
			"version": "5.5.3",
			"resolved": "https://registry.npmjs.org/typescript/-/typescript-5.5.3.tgz",
			"integrity": "sha512-/hreyEujaB0w76zKo6717l3L0o/qEUtRgdvUBvlkhoWeOVMjMuHNHk0BRBzikzuGDqNmPQbg5ifMEqsHLiIUcQ==",
			"bin": {
				"tsc": "bin/tsc",
				"tsserver": "bin/tsserver"
			},
			"engines": {
				"node": ">=14.17"
			}
		},
		"node_modules/undici-types": {
			"version": "5.26.5",
			"resolved": "https://registry.npmjs.org/undici-types/-/undici-types-5.26.5.tgz",
			"integrity": "sha512-JlCMO+ehdEIKqlFxk6IfVoAUVmgz7cU7zD/h9XZ0qzeosSHmUJVOzSQvvYSYWXkFXC+IfLKSIffhv0sVZup6pA=="
		},
		"node_modules/wrappy": {
			"version": "1.0.2",
			"resolved": "https://registry.npmjs.org/wrappy/-/wrappy-1.0.2.tgz",
			"integrity": "sha512-l4Sp/DRseor9wL6EvV2+TuQn63dMkPjZ/sp9XkghTEbV9KlPS1xUsZ3u7/IQO4wxtcFB4bgpQPRcR3QCvezPcQ==",
			"dev": true
		},
		"node_modules/zone.js": {
			"version": "0.10.3",
			"resolved": "https://registry.npmjs.org/zone.js/-/zone.js-0.10.3.tgz",
			"integrity": "sha512-LXVLVEq0NNOqK/fLJo3d0kfzd4sxwn2/h67/02pjCjfKDxgx1i9QqpvtHD8CrBnSSwMw5+dy11O7FRX5mkO7Cg==",
			"dev": true
		}
	}
}
